Microsoft Visual Studio Solution File, Format Version 12.00
# Visual Studio Version 17
VisualStudioVersion = 17.5.2.0
MinimumVisualStudioVersion = 10.0.40219.1
Project("{FAE04EC0-301F-11D3-BF4B-00C04F79EFBC}") = "PowerPlatform.Tools.ConnectionReferences", "src\PowerPlatform.Tools.ConnectionReferences\PowerPlatform.Tools.ConnectionReferences.csproj", "{E6EC38B1-815A-DB2B-15D9-DE38DDB81E57}"
EndProject
Global
	GlobalSection(SolutionConfigurationPlatforms) = preSolution
		Debug|Any CPU = Debug|Any CPU
		Release|Any CPU = Release|Any CPU
	EndGlobalSection
	GlobalSection(ProjectConfigurationPlatforms) = postSolution
		{E6EC38B1-815A-DB2B-15D9-DE38DDB81E57}.Debug|Any CPU.ActiveCfg = Debug|Any CPU
		{E6EC38B1-815A-DB2B-15D9-DE38DDB81E57}.Debug|Any CPU.Build.0 = Debug|Any CPU
		{E6EC38B1-815A-DB2B-15D9-DE38DDB81E57}.Release|Any CPU.ActiveCfg = Release|Any CPU
		{E6EC38B1-815A-DB2B-15D9-DE38DDB81E57}.Release|Any CPU.Build.0 = Release|Any CPU
	EndGlobalSection
	GlobalSection(SolutionProperties) = preSolution
		HideSolutionNode = FALSE
	EndGlobalSection
	GlobalSection(ExtensibilityGlobals) = postSolution
		SolutionGuid = {C9353AFA-45D5-4BB3-8C24-3DAF350941E8}
	EndGlobalSection
EndGlobal
